<?xml version="1.0" encoding="utf-8"?>
<Project ToolsVersion="4.0" xmlns="http://schemas.microsoft.com/developer/msbuild/2003">
  <ItemGroup>
    <Filter Include="來源檔案">
      <UniqueIdentifier>{4FC737F1-C7A5-4376-A066-2A32D752A2FF}</UniqueIdentifier>
      <Extensions>cpp;c;cc;cxx;c++;cppm;ixx;def;odl;idl;hpj;bat;asm;asmx</Extensions>
    </Filter>
    <Filter Include="標頭檔">
      <UniqueIdentifier>{93995380-89BD-4b04-88EB-625FBE52EBFB}</UniqueIdentifier>
      <Extensions>h;hh;hpp;hxx;h++;hm;inl;inc;ipp;xsd</Extensions>
    </Filter>
    <Filter Include="Shader">
      <UniqueIdentifier>{b12c29db-9172-4907-aaa4-9517e68f4a59}</UniqueIdentifier>
    </Filter>
    <Filter Include="ImGui">
      <UniqueIdentifier>{1f14067c-e075-4029-bf5a-3a587592ab82}</UniqueIdentifier>
    </Filter>
    <Filter Include="ImGui\backends">
      <UniqueIdentifier>{7fb76b02-b017-46fd-b841-8a5ce68580f8}</UniqueIdentifier>
    </Filter>
    <Filter Include="Object">
      <UniqueIdentifier>{d51ebedf-6634-4ffd-9236-0ac3c99734ed}</UniqueIdentifier>
    </Filter>
    <Filter Include="Animation">
      <UniqueIdentifier>{b55f5572-fb0f-4596-abab-623ec6b0ad1c}</UniqueIdentifier>
    </Filter>
    <Filter Include="來源檔案\資源檔">
      <UniqueIdentifier>{67DA6AB6-F800-4c08-8B7A-83BB121AAD01}</UniqueIdentifier>
      <Extensions>rc;ico;cur;bmp;dlg;rc2;rct;bin;rgs;gif;jpg;jpeg;jpe;resx;tiff;tif;png;wav;mfcribbon-ms</Extensions>
    </Filter>
  </ItemGroup>
  <ItemGroup>
    <ClCompile Include="Main.cpp">
      <Filter>來源檔案</Filter>
    </ClCompile>
    <ClCompile Include="..\glad\src\glad.c">
      <Filter>來源檔案</Filter>
    </ClCompile>
    <ClCompile Include="..\imgui-1.90.4\imgui.cpp">
      <Filter>ImGui</Filter>
    </ClCompile>
    <ClCompile Include="..\imgui-1.90.4\imgui_demo.cpp">
      <Filter>ImGui</Filter>
    </ClCompile>
    <ClCompile Include="..\imgui-1.90.4\imgui_draw.cpp">
      <Filter>ImGui</Filter>
    </ClCompile>
    <ClCompile Include="..\imgui-1.90.4\imgui_tables.cpp">
      <Filter>ImGui</Filter>
    </ClCompile>
    <ClCompile Include="..\imgui-1.90.4\imgui_widgets.cpp">
      <Filter>ImGui</Filter>
    </ClCompile>
    <ClCompile Include="..\imgui-1.90.4\backends\imgui_impl_glfw.cpp">
      <Filter>ImGui\backends</Filter>
    </ClCompile>
    <ClCompile Include="..\imgui-1.90.4\backends\imgui_impl_opengl3.cpp">
      <Filter>ImGui\backends</Filter>
    </ClCompile>
    <ClCompile Include="..\LoadShaders\LoadShaders.cpp">
      <Filter>來源檔案</Filter>
    </ClCompile>
    <ClCompile Include="meshNode.cpp">
      <Filter>來源檔案</Filter>
    </ClCompile>
    <ClCompile Include="modelState.cpp">
      <Filter>來源檔案</Filter>
    </ClCompile>
    <ClCompile Include="Animation\Animator.cpp">
      <Filter>Animation</Filter>
    </ClCompile>
    <ClCompile Include="jointState.cpp">
      <Filter>來源檔案</Filter>
    </ClCompile>
    <ClCompile Include="ParticleEffect.cpp">
      <Filter>標頭檔</Filter>
    </ClCompile>
    <ClCompile Include="waterFrameBuffers.cpp">
      <Filter>標頭檔</Filter>
    </ClCompile>
  </ItemGroup>
  <ItemGroup>
    <ClInclude Include="..\imgui-1.90.4\imconfig.h">
      <Filter>ImGui</Filter>
    </ClInclude>
    <ClInclude Include="..\imgui-1.90.4\imgui.h">
      <Filter>ImGui</Filter>
    </ClInclude>
    <ClInclude Include="..\imgui-1.90.4\imgui_internal.h">
      <Filter>ImGui</Filter>
    </ClInclude>
    <ClInclude Include="..\imgui-1.90.4\imstb_rectpack.h">
      <Filter>ImGui</Filter>
    </ClInclude>
    <ClInclude Include="..\imgui-1.90.4\imstb_textedit.h">
      <Filter>ImGui</Filter>
    </ClInclude>
    <ClInclude Include="..\imgui-1.90.4\imstb_truetype.h">
      <Filter>ImGui</Filter>
    </ClInclude>
    <ClInclude Include="..\imgui-1.90.4\backends\imgui_impl_glfw.h">
      <Filter>ImGui\backends</Filter>
    </ClInclude>
    <ClInclude Include="..\imgui-1.90.4\backends\imgui_impl_opengl3.h">
      <Filter>ImGui\backends</Filter>
    </ClInclude>
    <ClInclude Include="..\LoadShaders\LoadShaders.h">
      <Filter>標頭檔</Filter>
    </ClInclude>
    <ClInclude Include="GLID.h">
      <Filter>Object</Filter>
    </ClInclude>
    <ClInclude Include="Object.h">
      <Filter>Object</Filter>
    </ClInclude>
    <ClInclude Include="mesh.hpp">
      <Filter>標頭檔</Filter>
    </ClInclude>
    <ClInclude Include="model.h">
      <Filter>標頭檔</Filter>
    </ClInclude>
    <ClInclude Include="shader.hpp">
      <Filter>標頭檔</Filter>
    </ClInclude>
    <ClInclude Include="stb_image.h">
      <Filter>標頭檔</Filter>
    </ClInclude>
    <ClInclude Include="meshNode.h">
      <Filter>標頭檔</Filter>
    </ClInclude>
    <ClInclude Include="modelState.h">
      <Filter>標頭檔</Filter>
    </ClInclude>
    <ClInclude Include="Animation\Animation.h">
      <Filter>Animation</Filter>
    </ClInclude>
    <ClInclude Include="Animation\Animator.h">
      <Filter>Animation</Filter>
    </ClInclude>
    <ClInclude Include="Animation\keyFrame.h">
      <Filter>Animation</Filter>
    </ClInclude>
    <ClInclude Include="jointState.h">
      <Filter>標頭檔</Filter>
    </ClInclude>
    <ClInclude Include="ParticleEffect.hpp">
      <Filter>來源檔案</Filter>
    </ClInclude>
    <ClInclude Include="waterFrameBuffers.hpp">
      <Filter>來源檔案</Filter>
    </ClInclude>
  </ItemGroup>
  <ItemGroup>
    <None Include="shader\ShadowFragmentShader.glsl">
      <Filter>Shader</Filter>
    </None>
    <None Include="shader\RobotFragmentShader.glsl">
      <Filter>Shader</Filter>
    </None>
    <None Include="shader\RobotVertexShader.glsl">
      <Filter>Shader</Filter>
    </None>
    <None Include="shader\SkyboxFragmentShader.glsl">
      <Filter>Shader</Filter>
    </None>
    <None Include="shader\SkyboxVertexShader.glsl">
      <Filter>Shader</Filter>
    </None>
    <None Include="shader\ShadowVertexShader.glsl">
      <Filter>Shader</Filter>
    </None>
    <None Include="shader\ScreenFrameBufferVertexShader.glsl">
      <Filter>Shader</Filter>
    </None>
    <None Include="shader\ScreenFrameBufferFragmentShader.glsl">
      <Filter>Shader</Filter>
    </None>
    <None Include="shader\ShadowMappingDepthFragmentShader.glsl">
      <Filter>Shader</Filter>
    </None>
    <None Include="shader\ShadowMappingDepthVertexShader.glsl">
      <Filter>Shader</Filter>
    </None>
    <None Include="shader\DebugQuadVertexShader.glsl">
      <Filter>Shader</Filter>
    </None>
    <None Include="shader\DebugQuadFragmentShader.glsl">
      <Filter>Shader</Filter>
    </None>
    <None Include="shader\ParticleFragmentShader.glsl">
      <Filter>Shader</Filter>
    </None>
    <None Include="shader\ParticleVertexShader.glsl">
      <Filter>Shader</Filter>
    </None>
    <None Include="shader\MotionBlurVertexShader.glsl">
      <Filter>Shader</Filter>
    </None>
    <None Include="shader\MotionBlurFragmentShader.glsl">
      <Filter>Shader</Filter>
    </None>
    <None Include="shader\WaterFragmentShader.glsl">
      <Filter>Shader</Filter>
    </None>
    <None Include="shader\WaterVertexShader.glsl">
      <Filter>Shader</Filter>
    </None>
  </ItemGroup>
</Project>